
Microsoft Visual Studio Solution File, Format Version 12.00
# Visual Studio Version 16
VisualStudioVersion = 16.0.31424.327
MinimumVisualStudioVersion = 10.0.40219.1
Project("{FAE04EC0-301F-11D3-BF4B-00C04F79EFBC}") = "firstApp", "firstApp\firstApp.csproj", "{7E34E0C6-146F-4B92-9BD2-2523080047F9}"
EndProject
Global
	GlobalSection(SolutionConfigurationPlatforms) = preSolution
		Debug|Any CPU = Debug|Any CPU
		Release|Any CPU = Release|Any CPU
	EndGlobalSection
	GlobalSection(ProjectConfigurationPlatforms) = postSolution
		{7E34E0C6-146F-4B92-9BD2-2523080047F9}.Debug|Any CPU.ActiveCfg = Debug|Any CPU
		{7E34E0C6-146F-4B92-9BD2-2523080047F9}.Debug|Any CPU.Build.0 = Debug|Any CPU
		{7E34E0C6-146F-4B92-9BD2-2523080047F9}.Release|Any CPU.ActiveCfg = Release|Any CPU
		{7E34E0C6-146F-4B92-9BD2-2523080047F9}.Release|Any CPU.Build.0 = Release|Any CPU
	EndGlobalSection
	GlobalSection(SolutionProperties) = preSolution
		HideSolutionNode = FALSE
	EndGlobalSection
	GlobalSection(ExtensibilityGlobals) = postSolution
		SolutionGuid = {81E7B7B0-0A88-47FE-90D7-8E3C15ABA00D}
	EndGlobalSection
EndGlobal
